
Microsoft Visual Studio Solution File, Format Version 12.00
# Visual Studio Version 17
VisualStudioVersion = 17.10.35013.160
MinimumVisualStudioVersion = 10.0.40219.1
Project("{E24C65DC-7377-472B-9ABA-BC803B73C61A}") = "FlexStart-1.0.0", "..\", "{09EEB021-CEAA-42AD-AC4A-86238221D1C7}"
	ProjectSection(WebsiteProperties) = preProject
		TargetFrameworkMoniker = ".NETFramework,Version%3Dv4.8"
		Debug.AspNetCompiler.VirtualPath = "/localhost_62543"
		Debug.AspNetCompiler.PhysicalPath = "..\..\..\OneDrive\Desktop\FlexStart-1.0.0\"
		Debug.AspNetCompiler.TargetPath = "PrecompiledWeb\localhost_62543\"
		Debug.AspNetCompiler.Updateable = "true"
		Debug.AspNetCompiler.ForceOverwrite = "true"
		Debug.AspNetCompiler.FixedNames = "false"
		Debug.AspNetCompiler.Debug = "True"
		Release.AspNetCompiler.VirtualPath = "/localhost_62543"
		Release.AspNetCompiler.PhysicalPath = "..\..\..\OneDrive\Desktop\FlexStart-1.0.0\"
		Release.AspNetCompiler.TargetPath = "PrecompiledWeb\localhost_62543\"
		Release.AspNetCompiler.Updateable = "true"
		Release.AspNetCompiler.ForceOverwrite = "true"
		Release.AspNetCompiler.FixedNames = "false"
		Release.AspNetCompiler.Debug = "False"
		VWDPort = "62543"
	EndProjectSection
EndProject
Global
	GlobalSection(SolutionConfigurationPlatforms) = preSolution
		Debug|Any CPU = Debug|Any CPU
	EndGlobalSection
	GlobalSection(ProjectConfigurationPlatforms) = postSolution
		{09EEB021-CEAA-42AD-AC4A-86238221D1C7}.Debug|Any CPU.ActiveCfg = Debug|Any CPU
		{09EEB021-CEAA-42AD-AC4A-86238221D1C7}.Debug|Any CPU.Build.0 = Debug|Any CPU
	EndGlobalSection
	GlobalSection(SolutionProperties) = preSolution
		HideSolutionNode = FALSE
	EndGlobalSection
	GlobalSection(ExtensibilityGlobals) = postSolution
		SolutionGuid = {6A4BB07D-8C09-43F9-A374-4BD654BCDF0B}
	EndGlobalSection
EndGlobal
